
Microsoft Visual Studio Solution File, Format Version 12.00
# Visual Studio Version 16
VisualStudioVersion = 16.0.29324.140
MinimumVisualStudioVersion = 10.0.40219.1
Project("{8BC9CEB8-8B4A-11D0-8D11-00A0C91BC942}") = "DinputTester", "DinputTester.vcxproj", "{743AEF4D-2038-443D-B9A6-938FD011E167}"
EndProject
Global
	GlobalSection(SolutionConfigurationPlatforms) = preSolution
		Debug|x64 = Debug|x64
		Debug|x86 = Debug|x86
		Release|x64 = Release|x64
		Release|x86 = Release|x86
	EndGlobalSection
	GlobalSection(ProjectConfigurationPlatforms) = postSolution
		{743AEF4D-2038-443D-B9A6-938FD011E167}.Debug|x64.ActiveCfg = Debug|x64
		{743AEF4D-2038-443D-B9A6-938FD011E167}.Debug|x64.Build.0 = Debug|x64
		{743AEF4D-2038-443D-B9A6-938FD011E167}.Debug|x86.ActiveCfg = Debug|Win32
		{743AEF4D-2038-443D-B9A6-938FD011E167}.Debug|x86.Build.0 = Debug|Win32
		{743AEF4D-2038-443D-B9A6-938FD011E167}.Release|x64.ActiveCfg = Release|x64
		{743AEF4D-2038-443D-B9A6-938FD011E167}.Release|x64.Build.0 = Release|x64
		{743AEF4D-2038-443D-B9A6-938FD011E167}.Release|x86.ActiveCfg = Release|Win32
		{743AEF4D-2038-443D-B9A6-938FD011E167}.Release|x86.Build.0 = Release|Win32
	EndGlobalSection
	GlobalSection(SolutionProperties) = preSolution
		HideSolutionNode = FALSE
	EndGlobalSection
	GlobalSection(ExtensibilityGlobals) = postSolution
		SolutionGuid = {0A3B9165-2178-4DB4-890B-2726280A82DE}
	EndGlobalSection
EndGlobal
